// !$*UTF8*$!
{
	archiveVersion = 1;
	classes = {
	};
	objectVersion = 46;
	objects = {

/* Begin PBXBuildFile section */
		2E46AC8F1CB875A300A32691 /* AppDelegate.swift in Sources */ = {isa = PBXBuildFile; fileRef = 2E46AC8E1CB875A300A32691 /* AppDelegate.swift */; };
		2E46AC911CB875A300A32691 /* ViewController.swift in Sources */ = {isa = PBXBuildFile; fileRef = 2E46AC901CB875A300A32691 /* ViewController.swift */; };
		2E46AC941CB875A300A32691 /* Main.storyboard in Resources */ = {isa = PBXBuildFile; fileRef = 2E46AC921CB875A300A32691 /* Main.storyboard */; };
		2E46AC961CB875A300A32691 /* Assets.xcassets in Resources */ = {isa = PBXBuildFile; fileRef = 2E46AC951CB875A300A32691 /* Assets.xcassets */; };
		2E46AC991CB875A300A32691 /* LaunchScreen.storyboard in Resources */ = {isa = PBXBuildFile; fileRef = 2E46AC971CB875A300A32691 /* LaunchScreen.storyboard */; };
/* End PBXBuildFile section */

/* Begin PBXFileReference section */
		2E46AC8B1CB875A300A32691 /* UseViewToCreatePane.app */ = {isa = PBXFileReference; explicitFileType = wrapper.application; includeInIndex = 0; path = UseViewToCreatePane.app; sourceTree = BUILT_PRODUCTS_DIR; };
		2E46AC8E1CB875A300A32691 /* AppDelegate.swift */ = {isa = PBXFileReference; lastKnownFileType = sourcecode.swift; path = AppDelegate.swift; sourceTree = "<group>"; };
		2E46AC901CB875A300A32691 /* ViewController.swift */ = {isa = PBXFileReference; lastKnownFileType = sourcecode.swift; path = ViewController.swift; sourceTree = "<group>"; };
		2E46AC931CB875A300A32691 /* Base */ = {isa = PBXFileReference; lastKnownFileType = file.storyboard; name = Base; path = Base.lproj/Main.storyboard; sourceTree = "<group>"; };
		2E46AC951CB875A300A32691 /* Assets.xcassets */ = {isa = PBXFileReference; lastKnownFileType = folder.assetcatalog; path = Assets.xcassets; sourceTree = "<group>"; };
		2E46AC981CB875A300A32691 /* Base */ = {isa = PBXFileReference; lastKnownFileType = file.storyboard; name = Base; path = Base.lproj/LaunchScreen.storyboard; sourceTree = "<group>"; };
		2E46AC9A1CB875A300A32691 /* Info.plist */ = {isa = PBXFileReference; lastKnownFileType = text.plist.xml; path = Info.plist; sourceTree = "<group>"; };
/* End PBXFileReference section */

/* Begin PBXFrameworksBuildPhase section */
		2E46AC881CB875A300A32691 /* Frameworks */ = {
			isa = PBXFrameworksBuildPhase;
			buildActionMask = 2147483647;
			files = (
			);
			runOnlyForDeploymentPostprocessing = 0;
		};
/* End PBXFrameworksBuildPhase section */

/* Begin PBXGroup section */
		2E46AC821CB875A300A32691 = {
			isa = PBXGroup;
			children = (
				2E46AC8D1CB875A300A32691 /* UseViewToCreatePane */,
				2E46AC8C1CB875A300A32691 /* Products */,
			);
			sourceTree = "<group>";
		};
		2E46AC8C1CB875A300A32691 /* Products */ = {
			isa = PBXGroup;
			children = (
				2E46AC8B1CB875A300A32691 /* UseViewToCreatePane.app */,
			);
			name = Products;
			sourceTree = "<group>";
		};
		2E46AC8D1CB875A300A32691 /* UseViewToCreatePane */ = {
			isa = PBXGroup;
			children = (
				2E46AC8E1CB875A300A32691 /* AppDelegate.swift */,
				2E46AC901CB875A300A32691 /* ViewController.swift */,
				2E46AC921CB875A300A32691 /* Main.storyboard */,
				2E46AC951CB875A300A32691 /* Assets.xcassets */,
				2E46AC971CB875A300A32691 /* LaunchScreen.storyboard */,
				2E46AC9A1CB875A300A32691 /* Info.plist */,
			);
			path = UseViewToCreatePane;
			sourceTree = "<group>";
		};
/* End PBXGroup section */

/* Begin PBXNativeTarget section */
		2E46AC8A1CB875A300A32691 /* UseViewToCreatePane */ = {
			isa = PBXNativeTarget;
			buildConfigurationList = 2E46AC9D1CB875A300A32691 /* Build configuration list for PBXNativeTarget "UseViewToCreatePane" */;
			buildPhases = (
				2E46AC871CB875A300A32691 /* Sources */,
				2E46AC881CB875A300A32691 /* Frameworks */,
				2E46AC891CB875A300A32691 /* Resources */,
			);
			buildRules = (
			);
			dependencies = (
			);
			name = UseViewToCreatePane;
			productName = UseViewToCreatePane;
			productReference = 2E46AC8B1CB875A300A32691 /* UseViewToCreatePane.app */;
			productType = "com.apple.product-type.application";
		};
/* End PBXNativeTarget section */

/* Begin PBXProject section */
		2E46AC831CB875A300A32691 /* Project object */ = {
			isa = PBXProject;
			attributes = {
				LastSwiftUpdateCheck = 0730;
				LastUpgradeCheck = 0730;
				ORGANIZATIONNAME = ying;
				TargetAttributes = {
					2E46AC8A1CB875A300A32691 = {
						CreatedOnToolsVersion = 7.3;
					};
				};
			};
			buildConfigurationList = 2E46AC861CB875A300A32691 /* Build configuration list for PBXProject "UseViewToCreatePane" */;
			compatibilityVersion = "Xcode 3.2";
			developmentRegion = English;
			hasScannedForEncodings = 0;
			knownRegions = (
				en,
				Base,
			);
			mainGroup = 2E46AC821CB875A300A32691;
			productRefGroup = 2E46AC8C1CB875A300A32691 /* Products */;
			projectDirPath = "";
			projectRoot = "";
			targets = (
				2E46AC8A1CB875A300A32691 /* UseViewToCreatePane */,
			);
		};
/* End PBXProject section */

/* Begin PBXResourcesBuildPhase section */
		2E46AC891CB875A300A32691 /* Resources */ = {
			isa = PBXResourcesBuildPhase;
			buildActionMask = 2147483647;
			files = (
				2E46AC991CB875A300A32691 /* LaunchScreen.storyboard in Resources */,
				2E46AC961CB875A300A32691 /* Assets.xcassets in Resources */,
				2E46AC941CB875A300A32691 /* Main.storyboard in Resources */,
			);
			runOnlyForDeploymentPostprocessing = 0;
		};
/* End PBXResourcesBuildPhase section */

/* Begin PBXSourcesBuildPhase section */
		2E46AC871CB875A300A32691 /* Sources */ = {
			isa = PBXSourcesBuildPhase;
			buildActionMask = 2147483647;
			files = (
				2E46AC911CB875A300A32691 /* ViewController.swift in Sources */,
				2E46AC8F1CB875A300A32691 /* AppDelegate.swift in Sources */,
			);
			runOnlyForDeploymentPostprocessing = 0;
		};
/* End PBXSourcesBuildPhase section */

/* Begin PBXVariantGroup section */
		2E46AC921CB875A300A32691 /* Main.storyboard */ = {
			isa = PBXVariantGroup;
			children = (
				2E46AC931CB875A300A32691 /* Base */,
			);
			name = Main.storyboard;
			sourceTree = "<group>";
		};
		2E46AC971CB875A300A32691 /* LaunchScreen.storyboard */ = {
			isa = PBXVariantGroup;
			children = (
				2E46AC981CB875A300A32691 /* Base */,
			);
			name = LaunchScreen.storyboard;
			sourceTree = "<group>";
		};
/* End PBXVariantGroup section */

/* Begin XCBuildConfiguration section */
		2E46AC9B1CB875A300A32691 /* Debug */ = {
			isa = XCBuildConfiguration;
			buildSettings = {
				ALWAYS_SEARCH_USER_PATHS = NO;
				CLANG_ANALYZER_NONNULL = YES;
				CLANG_CXX_LANGUAGE_STANDARD = "gnu++0x";
				CLANG_CXX_LIBRARY = "libc++";
				CLANG_ENABLE_MODULES = YES;
				CLANG_ENABLE_OBJC_ARC = YES;
				CLANG_WARN_BOOL_CONVERSION = YES;
				CLANG_WARN_CONSTANT_CONVERSION = YES;
				CLANG_WARN_DIRECT_OBJC_ISA_USAGE = YES_ERROR;
				CLANG_WARN_EMPTY_BODY = YES;
				CLANG_WARN_ENUM_CONVERSION = YES;
				CLANG_WARN_INT_CONVERSION = YES;
				CLANG_WARN_OBJC_ROOT_CLASS = YES_ERROR;
				CLANG_WARN_UNREACHABLE_CODE = YES;
				CLANG_WARN__DUPLICATE_METHOD_MATCH = YES;
				"CODE_SIGN_IDENTITY[sdk=iphoneos*]" = "iPhone Developer";
				COPY_PHASE_STRIP = NO;
				DEBUG_INFORMATION_FORMAT = dwarf;
				ENABLE_STRICT_OBJC_MSGSEND = YES;
				ENABLE_TESTABILITY = YES;
				GCC_C_LANGUAGE_STANDARD = gnu99;
				GCC_DYNAMIC_NO_PIC = NO;
				GCC_NO_COMMON_BLOCKS = YES;
				GCC_OPTIMIZATION_LEVEL = 0;
				GCC_PREPROCESSOR_DEFINITIONS = (
					"DEBUG=1",
					"$(inherited)",
				);
				GCC_WARN_64_TO_32_BIT_CONVERSION = YES;
				GCC_WARN_ABOUT_RETURN_TYPE = YES_ERROR;
				GCC_WARN_UNDECLARED_SELECTOR = YES;
				GCC_WARN_UNINITIALIZED_AUTOS = YES_AGGRESSIVE;
				GCC_WARN_UNUSED_FUNCTION = YES;
				GCC_WARN_UNUSED_VARIABLE = YES;
				IPHONEOS_DEPLOYMENT_TARGET = 9.3;
				MTL_ENABLE_DEBUG_INFO = YES;
				ONLY_ACTIVE_ARCH = YES;
				SDKROOT = iphoneos;
				SWIFT_OPTIMIZATION_LEVEL = "-Onone";
				TARGETED_DEVICE_FAMILY = "1,2";
			};
			name = Debug;
		};
		2E46AC9C1CB875A300A32691 /* Release */ = {
			isa = XCBuildConfiguration;
			buildSettings = {
				ALWAYS_SEARCH_USER_PATHS = NO;
				CLANG_ANALYZER_NONNULL = YES;
				CLANG_CXX_LANGUAGE_STANDARD = "gnu++0x";
				CLANG_CXX_LIBRARY = "libc++";
				CLANG_ENABLE_MODULES = YES;
				CLANG_ENABLE_OBJC_ARC = YES;
				CLANG_WARN_BOOL_CONVERSION = YES;
				CLANG_WARN_CONSTANT_CONVERSION = YES;
				CLANG_WARN_DIRECT_OBJC_ISA_USAGE = YES_ERROR;
				CLANG_WARN_EMPTY_BODY = YES;
				CLANG_WARN_ENUM_CONVERSION = YES;
				CLANG_WARN_INT_CONVERSION = YES;
				CLANG_WARN_OBJC_ROOT_CLASS = YES_ERROR;
				CLANG_WARN_UNREACHABLE_CODE = YES;
				CLANG_WARN__DUPLICATE_METHOD_MATCH = YES;
				"CODE_SIGN_IDENTITY[sdk=iphoneos*]" = "iPhone Developer";
				COPY_PHASE_STRIP = NO;
				DEBUG_INFORMATION_FORMAT = "dwarf-with-dsym";
				ENABLE_NS_ASSERTIONS = NO;
				ENABLE_STRICT_OBJC_MSGSEND = YES;
				GCC_C_LANGUAGE_STANDARD = gnu99;
				GCC_NO_COMMON_BLOCKS = YES;
				GCC_WARN_64_TO_32_BIT_CONVERSION = YES;
				GCC_WARN_ABOUT_RETURN_TYPE = YES_ERROR;
				GCC_WARN_UNDECLARED_SELECTOR = YES;
				GCC_WARN_UNINITIALIZED_AUTOS = YES_AGGRESSIVE;
				GCC_WARN_UNUSED_FUNCTION = YES;
				GCC_WARN_UNUSED_VARIABLE = YES;
				IPHONEOS_DEPLOYMENT_TARGET = 9.3;
				MTL_ENABLE_DEBUG_INFO = NO;
				SDKROOT = iphoneos;
				TARGETED_DEVICE_FAMILY = "1,2";
				VALIDATE_PRODUCT = YES;
			};
			name = Release;
		};
		2E46AC9E1CB875A300A32691 /* Debug */ = {
			isa = XCBuildConfiguration;
			buildSettings = {
				ASSETCATALOG_COMPILER_APPICON_NAME = AppIcon;
				INFOPLIST_FILE = UseViewToCreatePane/Info.plist;
				LD_RUNPATH_SEARCH_PATHS = "$(inherited) @executable_path/Frameworks";
				PRODUCT_BUNDLE_IDENTIFIER = ying.seu.com.UseViewToCreatePane;
				PRODUCT_NAME = "$(TARGET_NAME)";
			};
			name = Debug;
		};
		2E46AC9F1CB875A300A32691 /* Release */ = {
			isa = XCBuildConfiguration;
			buildSettings = {
				ASSETCATALOG_COMPILER_APPICON_NAME = AppIcon;
				INFOPLIST_FILE = UseViewToCreatePane/Info.plist;
				LD_RUNPATH_SEARCH_PATHS = "$(inherited) @executable_path/Frameworks";
				PRODUCT_BUNDLE_IDENTIFIER = ying.seu.com.UseViewToCreatePane;
				PRODUCT_NAME = "$(TARGET_NAME)";
			};
			name = Release;
		};
/* End XCBuildConfiguration section */

/* Begin XCConfigurationList section */
		2E46AC861CB875A300A32691 /* Build configuration list for PBXProject "UseViewToCreatePane" */ = {
			isa = XCConfigurationList;
			buildConfigurations = (
				2E46AC9B1CB875A300A32691 /* Debug */,
				2E46AC9C1CB875A300A32691 /* Release */,
			);
			defaultConfigurationIsVisible = 0;
			defaultConfigurationName = Release;
		};
		2E46AC9D1CB875A300A32691 /* Build configuration list for PBXNativeTarget "UseViewToCreatePane" */ = {
			isa = XCConfigurationList;
			buildConfigurations = (
				2E46AC9E1CB875A300A32691 /* Debug */,
				2E46AC9F1CB875A300A32691 /* Release */,
			);
			defaultConfigurationIsVisible = 0;
		};
/* End XCConfigurationList section */
	};
	rootObject = 2E46AC831CB875A300A32691 /* Project object */;
}
